
Microsoft Visual Studio Solution File, Format Version 12.00
# Visual Studio 14
VisualStudioVersion = 14.0.25420.1
MinimumVisualStudioVersion = 10.0.40219.1
Project("{8BC9CEB8-8B4A-11D0-8D11-00A0C91BC942}") = "Sample1", "Sample1\Sample1.vcxproj", "{87A6AD26-0EA0-45FA-ADC8-43833DCF924A}"
EndProject
Project("{8BC9CEB8-8B4A-11D0-8D11-00A0C91BC942}") = "Sample2", "Sample2\Sample2.vcxproj", "{912222D2-DB6D-438E-91A8-C5ABABE61A30}"
EndProject
Project("{8BC9CEB8-8B4A-11D0-8D11-00A0C91BC942}") = "Sample3", "Sample3\Sample3.vcxproj", "{CA6D2071-730B-499E-8CCF-A9E842101076}"
EndProject
Global
	GlobalSection(SolutionConfigurationPlatforms) = preSolution
		Debug|Win32 = Debug|Win32
		Release|Win32 = Release|Win32
	EndGlobalSection
	GlobalSection(ProjectConfigurationPlatforms) = postSolution
		{87A6AD26-0EA0-45FA-ADC8-43833DCF924A}.Debug|Win32.ActiveCfg = Debug|Win32
		{87A6AD26-0EA0-45FA-ADC8-43833DCF924A}.Debug|Win32.Build.0 = Debug|Win32
		{87A6AD26-0EA0-45FA-ADC8-43833DCF924A}.Release|Win32.ActiveCfg = Release|Win32
		{87A6AD26-0EA0-45FA-ADC8-43833DCF924A}.Release|Win32.Build.0 = Release|Win32
		{912222D2-DB6D-438E-91A8-C5ABABE61A30}.Debug|Win32.ActiveCfg = Debug|Win32
		{912222D2-DB6D-438E-91A8-C5ABABE61A30}.Debug|Win32.Build.0 = Debug|Win32
		{912222D2-DB6D-438E-91A8-C5ABABE61A30}.Release|Win32.ActiveCfg = Release|Win32
		{912222D2-DB6D-438E-91A8-C5ABABE61A30}.Release|Win32.Build.0 = Release|Win32
		{CA6D2071-730B-499E-8CCF-A9E842101076}.Debug|Win32.ActiveCfg = Debug|Win32
		{CA6D2071-730B-499E-8CCF-A9E842101076}.Debug|Win32.Build.0 = Debug|Win32
		{CA6D2071-730B-499E-8CCF-A9E842101076}.Release|Win32.ActiveCfg = Release|Win32
		{CA6D2071-730B-499E-8CCF-A9E842101076}.Release|Win32.Build.0 = Release|Win32
	EndGlobalSection
	GlobalSection(SolutionProperties) = preSolution
		HideSolutionNode = FALSE
	EndGlobalSection
EndGlobal
